
Microsoft Visual Studio Solution File, Format Version 12.00
# Visual Studio Version 17
VisualStudioVersion = 17.5.002.0
MinimumVisualStudioVersion = 10.0.40219.1
Project("{9A19103F-16F7-4668-BE54-9A1E7A4F7556}") = "ListaDeTarefas", "ListaDeTarefas\ListaDeTarefas.csproj", "{BBC023C5-3C5C-4681-B71C-32557BC8A5BF}"
EndProject
Global
	GlobalSection(SolutionConfigurationPlatforms) = preSolution
		Debug|Any CPU = Debug|Any CPU
		Release|Any CPU = Release|Any CPU
	EndGlobalSection
	GlobalSection(ProjectConfigurationPlatforms) = postSolution
		{BBC023C5-3C5C-4681-B71C-32557BC8A5BF}.Debug|Any CPU.ActiveCfg = Debug|Any CPU
		{BBC023C5-3C5C-4681-B71C-32557BC8A5BF}.Debug|Any CPU.Build.0 = Debug|Any CPU
		{BBC023C5-3C5C-4681-B71C-32557BC8A5BF}.Release|Any CPU.ActiveCfg = Release|Any CPU
		{BBC023C5-3C5C-4681-B71C-32557BC8A5BF}.Release|Any CPU.Build.0 = Release|Any CPU
	EndGlobalSection
	GlobalSection(SolutionProperties) = preSolution
		HideSolutionNode = FALSE
	EndGlobalSection
	GlobalSection(ExtensibilityGlobals) = postSolution
		SolutionGuid = {80D7E806-70B7-4E3A-ABDA-03017F5F5128}
	EndGlobalSection
EndGlobal
