
Microsoft Visual Studio Solution File, Format Version 12.00
# Visual Studio Version 17
VisualStudioVersion = 17.5.002.0
MinimumVisualStudioVersion = 10.0.40219.1
Project("{9A19103F-16F7-4668-BE54-9A1E7A4F7556}") = "WebAPI", "WebAPI\WebAPI.csproj", "{BD14596D-40EE-42AF-91B8-583BB16AAFBD}"
EndProject
Global
	GlobalSection(SolutionConfigurationPlatforms) = preSolution
		Debug|Any CPU = Debug|Any CPU
		Release|Any CPU = Release|Any CPU
	EndGlobalSection
	GlobalSection(ProjectConfigurationPlatforms) = postSolution
		{BD14596D-40EE-42AF-91B8-583BB16AAFBD}.Debug|Any CPU.ActiveCfg = Debug|Any CPU
		{BD14596D-40EE-42AF-91B8-583BB16AAFBD}.Debug|Any CPU.Build.0 = Debug|Any CPU
		{BD14596D-40EE-42AF-91B8-583BB16AAFBD}.Release|Any CPU.ActiveCfg = Release|Any CPU
		{BD14596D-40EE-42AF-91B8-583BB16AAFBD}.Release|Any CPU.Build.0 = Release|Any CPU
	EndGlobalSection
	GlobalSection(SolutionProperties) = preSolution
		HideSolutionNode = FALSE
	EndGlobalSection
	GlobalSection(ExtensibilityGlobals) = postSolution
		SolutionGuid = {F0525962-8D46-44AF-8609-E862FC5A25F0}
	EndGlobalSection
EndGlobal
